
Microsoft Visual Studio Solution File, Format Version 12.00
# Visual Studio Version 17
VisualStudioVersion = 17.1.32228.430
MinimumVisualStudioVersion = 10.0.40219.1
Project("{9A19103F-16F7-4668-BE54-9A1E7A4F7556}") = "AspNetCore-GitHub-Demo", "AspNetCore-GitHub-Demo.csproj", "{E90CF269-A7EB-418F-801B-46873CE09B1C}"
EndProject
Project("{FAE04EC0-301F-11D3-BF4B-00C04F79EFBC}") = "TestProject.Tests", "C:\Users\PRO-PC\source\repos\TestProject.Tests\TestProject.Tests.csproj", "{C61C73A6-657F-408F-858C-F183CC1202DF}"
EndProject
Global
	GlobalSection(SolutionConfigurationPlatforms) = preSolution
		Debug|Any CPU = Debug|Any CPU
		Release|Any CPU = Release|Any CPU
	EndGlobalSection
	GlobalSection(ProjectConfigurationPlatforms) = postSolution
		{E90CF269-A7EB-418F-801B-46873CE09B1C}.Debug|Any CPU.ActiveCfg = Debug|Any CPU
		{E90CF269-A7EB-418F-801B-46873CE09B1C}.Debug|Any CPU.Build.0 = Debug|Any CPU
		{E90CF269-A7EB-418F-801B-46873CE09B1C}.Release|Any CPU.ActiveCfg = Release|Any CPU
		{E90CF269-A7EB-418F-801B-46873CE09B1C}.Release|Any CPU.Build.0 = Release|Any CPU
		{C61C73A6-657F-408F-858C-F183CC1202DF}.Debug|Any CPU.ActiveCfg = Debug|Any CPU
		{C61C73A6-657F-408F-858C-F183CC1202DF}.Debug|Any CPU.Build.0 = Debug|Any CPU
		{C61C73A6-657F-408F-858C-F183CC1202DF}.Release|Any CPU.ActiveCfg = Release|Any CPU
		{C61C73A6-657F-408F-858C-F183CC1202DF}.Release|Any CPU.Build.0 = Release|Any CPU
	EndGlobalSection
	GlobalSection(SolutionProperties) = preSolution
		HideSolutionNode = FALSE
	EndGlobalSection
	GlobalSection(ExtensibilityGlobals) = postSolution
		SolutionGuid = {4F7760C5-2CEC-44B0-BE61-FAF5BE5E6539}
	EndGlobalSection
EndGlobal
